Microsoft Visual Studio Solution File, Format Version 12.00
# Visual Studio Version 17
VisualStudioVersion = 17.5.2.0
MinimumVisualStudioVersion = 10.0.40219.1
Project("{FAE04EC0-301F-11D3-BF4B-00C04F79EFBC}") = "AStarAlgorithm", "AStarAlgorithm.csproj", "{AD33A3BA-75AE-8828-7EC7-CF82AD694AD0}"
EndProject
Global
	GlobalSection(SolutionConfigurationPlatforms) = preSolution
		Debug|Any CPU = Debug|Any CPU
		Release|Any CPU = Release|Any CPU
	EndGlobalSection
	GlobalSection(ProjectConfigurationPlatforms) = postSolution
		{AD33A3BA-75AE-8828-7EC7-CF82AD694AD0}.Debug|Any CPU.ActiveCfg = Debug|Any CPU
		{AD33A3BA-75AE-8828-7EC7-CF82AD694AD0}.Debug|Any CPU.Build.0 = Debug|Any CPU
		{AD33A3BA-75AE-8828-7EC7-CF82AD694AD0}.Release|Any CPU.ActiveCfg = Release|Any CPU
		{AD33A3BA-75AE-8828-7EC7-CF82AD694AD0}.Release|Any CPU.Build.0 = Release|Any CPU
	EndGlobalSection
	GlobalSection(SolutionProperties) = preSolution
		HideSolutionNode = FALSE
	EndGlobalSection
	GlobalSection(ExtensibilityGlobals) = postSolution
		SolutionGuid = {A284733C-B6E4-4805-84F9-2511B38E0210}
	EndGlobalSection
EndGlobal
